
Microsoft Visual Studio Solution File, Format Version 12.00
# Visual Studio 15
VisualStudioVersion = 15.0.26124.0
MinimumVisualStudioVersion = 15.0.26124.0
Project("{FAE04EC0-301F-11D3-BF4B-00C04F79EFBC}") = "SimpleHttpFactory", "src\SimpleHttpFactory.csproj", "{F245EAE0-4862-4D95-B273-1EF0458C5689}"
EndProject
Project("{2150E333-8FDC-42A3-9474-1A3956D46DE8}") = "src", "src", "{C0DAE13C-E85C-4787-A684-B8880A8231C6}"
EndProject
Project("{2150E333-8FDC-42A3-9474-1A3956D46DE8}") = "tests", "tests", "{C61A405A-5927-4F2E-BF7B-36A96D32B51F}"
EndProject
Project("{2150E333-8FDC-42A3-9474-1A3956D46DE8}") = "extensions", "extensions", "{51FD4FBD-D1EC-40ED-816C-1BDE217B6CBF}"
EndProject
Project("{FAE04EC0-301F-11D3-BF4B-00C04F79EFBC}") = "SimpleHttpFactory.Extensions.AutoFac", "extensions\SimpleHttpFactory.Extensions.AutoFac\SimpleHttpFactory.Extensions.AutoFac.csproj", "{7820C83C-B8CD-4320-BD79-0D7529B7DEF8}"
EndProject
Project("{FAE04EC0-301F-11D3-BF4B-00C04F79EFBC}") = "SimpleHttpFactory.Tests", "tests\SimpleHttpFactory.Tests\SimpleHttpFactory.Tests.csproj", "{76479BB9-1E0D-4AA5-8BCE-A9E58B087313}"
EndProject
Project("{2150E333-8FDC-42A3-9474-1A3956D46DE8}") = "misc", "misc", "{01509AAA-E0FA-403D-BE50-81346D1A853C}"
ProjectSection(SolutionItems) = preProject
	readme.md = readme.md
	.gitignore = .gitignore
	LICENSE = LICENSE
EndProjectSection
EndProject
Project("{FAE04EC0-301F-11D3-BF4B-00C04F79EFBC}") = "SimpleHttpFactory.Extensions.Autofac.Tests", "tests\SimpleHttpFactory.Extensions.Autofac.Tests\SimpleHttpFactory.Extensions.Autofac.Tests.csproj", "{D8432275-C2D3-4F8F-B34A-D89AE09BDD06}"
EndProject
Project("{FAE04EC0-301F-11D3-BF4B-00C04F79EFBC}") = "SimpleHttpFactory.Extensions.StructureMap", "extensions\SimpleHttpFactory.Extensions.StructureMap\SimpleHttpFactory.Extensions.StructureMap.csproj", "{B32C2407-DF98-4D2E-9256-EDE9F59840D6}"
EndProject
Project("{FAE04EC0-301F-11D3-BF4B-00C04F79EFBC}") = "SimpleHttpFactory.Extensions.StructureMap.Tests", "tests\SimpleHttpFactory.Extensions.StructureMap.Tests\SimpleHttpFactory.Extensions.StructureMap.Tests.csproj", "{957667D8-6CCB-467D-93F2-81D27045B5DF}"
EndProject
Global
	GlobalSection(SolutionConfigurationPlatforms) = preSolution
		Debug|Any CPU = Debug|Any CPU
		Debug|x64 = Debug|x64
		Debug|x86 = Debug|x86
		Release|Any CPU = Release|Any CPU
		Release|x64 = Release|x64
		Release|x86 = Release|x86
	EndGlobalSection
	GlobalSection(SolutionProperties) = preSolution
		HideSolutionNode = FALSE
	EndGlobalSection
	GlobalSection(ProjectConfigurationPlatforms) = postSolution
		{F245EAE0-4862-4D95-B273-1EF0458C5689}.Debug|Any CPU.ActiveCfg = Debug|Any CPU
		{F245EAE0-4862-4D95-B273-1EF0458C5689}.Debug|Any CPU.Build.0 = Debug|Any CPU
		{F245EAE0-4862-4D95-B273-1EF0458C5689}.Debug|x64.ActiveCfg = Debug|Any CPU
		{F245EAE0-4862-4D95-B273-1EF0458C5689}.Debug|x64.Build.0 = Debug|Any CPU
		{F245EAE0-4862-4D95-B273-1EF0458C5689}.Debug|x86.ActiveCfg = Debug|Any CPU
		{F245EAE0-4862-4D95-B273-1EF0458C5689}.Debug|x86.Build.0 = Debug|Any CPU
		{F245EAE0-4862-4D95-B273-1EF0458C5689}.Release|Any CPU.ActiveCfg = Release|Any CPU
		{F245EAE0-4862-4D95-B273-1EF0458C5689}.Release|Any CPU.Build.0 = Release|Any CPU
		{F245EAE0-4862-4D95-B273-1EF0458C5689}.Release|x64.ActiveCfg = Release|Any CPU
		{F245EAE0-4862-4D95-B273-1EF0458C5689}.Release|x64.Build.0 = Release|Any CPU
		{F245EAE0-4862-4D95-B273-1EF0458C5689}.Release|x86.ActiveCfg = Release|Any CPU
		{F245EAE0-4862-4D95-B273-1EF0458C5689}.Release|x86.Build.0 = Release|Any CPU
		{7820C83C-B8CD-4320-BD79-0D7529B7DEF8}.Debug|Any CPU.ActiveCfg = Debug|Any CPU
		{7820C83C-B8CD-4320-BD79-0D7529B7DEF8}.Debug|Any CPU.Build.0 = Debug|Any CPU
		{7820C83C-B8CD-4320-BD79-0D7529B7DEF8}.Debug|x64.ActiveCfg = Debug|Any CPU
		{7820C83C-B8CD-4320-BD79-0D7529B7DEF8}.Debug|x64.Build.0 = Debug|Any CPU
		{7820C83C-B8CD-4320-BD79-0D7529B7DEF8}.Debug|x86.ActiveCfg = Debug|Any CPU
		{7820C83C-B8CD-4320-BD79-0D7529B7DEF8}.Debug|x86.Build.0 = Debug|Any CPU
		{7820C83C-B8CD-4320-BD79-0D7529B7DEF8}.Release|Any CPU.ActiveCfg = Release|Any CPU
		{7820C83C-B8CD-4320-BD79-0D7529B7DEF8}.Release|Any CPU.Build.0 = Release|Any CPU
		{7820C83C-B8CD-4320-BD79-0D7529B7DEF8}.Release|x64.ActiveCfg = Release|Any CPU
		{7820C83C-B8CD-4320-BD79-0D7529B7DEF8}.Release|x64.Build.0 = Release|Any CPU
		{7820C83C-B8CD-4320-BD79-0D7529B7DEF8}.Release|x86.ActiveCfg = Release|Any CPU
		{7820C83C-B8CD-4320-BD79-0D7529B7DEF8}.Release|x86.Build.0 = Release|Any CPU
		{76479BB9-1E0D-4AA5-8BCE-A9E58B087313}.Debug|Any CPU.ActiveCfg = Debug|Any CPU
		{76479BB9-1E0D-4AA5-8BCE-A9E58B087313}.Debug|Any CPU.Build.0 = Debug|Any CPU
		{76479BB9-1E0D-4AA5-8BCE-A9E58B087313}.Debug|x64.ActiveCfg = Debug|Any CPU
		{76479BB9-1E0D-4AA5-8BCE-A9E58B087313}.Debug|x64.Build.0 = Debug|Any CPU
		{76479BB9-1E0D-4AA5-8BCE-A9E58B087313}.Debug|x86.ActiveCfg = Debug|Any CPU
		{76479BB9-1E0D-4AA5-8BCE-A9E58B087313}.Debug|x86.Build.0 = Debug|Any CPU
		{76479BB9-1E0D-4AA5-8BCE-A9E58B087313}.Release|Any CPU.ActiveCfg = Release|Any CPU
		{76479BB9-1E0D-4AA5-8BCE-A9E58B087313}.Release|Any CPU.Build.0 = Release|Any CPU
		{76479BB9-1E0D-4AA5-8BCE-A9E58B087313}.Release|x64.ActiveCfg = Release|Any CPU
		{76479BB9-1E0D-4AA5-8BCE-A9E58B087313}.Release|x64.Build.0 = Release|Any CPU
		{76479BB9-1E0D-4AA5-8BCE-A9E58B087313}.Release|x86.ActiveCfg = Release|Any CPU
		{76479BB9-1E0D-4AA5-8BCE-A9E58B087313}.Release|x86.Build.0 = Release|Any CPU
		{D8432275-C2D3-4F8F-B34A-D89AE09BDD06}.Debug|Any CPU.ActiveCfg = Debug|Any CPU
		{D8432275-C2D3-4F8F-B34A-D89AE09BDD06}.Debug|Any CPU.Build.0 = Debug|Any CPU
		{D8432275-C2D3-4F8F-B34A-D89AE09BDD06}.Debug|x64.ActiveCfg = Debug|Any CPU
		{D8432275-C2D3-4F8F-B34A-D89AE09BDD06}.Debug|x64.Build.0 = Debug|Any CPU
		{D8432275-C2D3-4F8F-B34A-D89AE09BDD06}.Debug|x86.ActiveCfg = Debug|Any CPU
		{D8432275-C2D3-4F8F-B34A-D89AE09BDD06}.Debug|x86.Build.0 = Debug|Any CPU
		{D8432275-C2D3-4F8F-B34A-D89AE09BDD06}.Release|Any CPU.ActiveCfg = Release|Any CPU
		{D8432275-C2D3-4F8F-B34A-D89AE09BDD06}.Release|Any CPU.Build.0 = Release|Any CPU
		{D8432275-C2D3-4F8F-B34A-D89AE09BDD06}.Release|x64.ActiveCfg = Release|Any CPU
		{D8432275-C2D3-4F8F-B34A-D89AE09BDD06}.Release|x64.Build.0 = Release|Any CPU
		{D8432275-C2D3-4F8F-B34A-D89AE09BDD06}.Release|x86.ActiveCfg = Release|Any CPU
		{D8432275-C2D3-4F8F-B34A-D89AE09BDD06}.Release|x86.Build.0 = Release|Any CPU
		{B32C2407-DF98-4D2E-9256-EDE9F59840D6}.Debug|Any CPU.ActiveCfg = Debug|Any CPU
		{B32C2407-DF98-4D2E-9256-EDE9F59840D6}.Debug|Any CPU.Build.0 = Debug|Any CPU
		{B32C2407-DF98-4D2E-9256-EDE9F59840D6}.Debug|x64.ActiveCfg = Debug|Any CPU
		{B32C2407-DF98-4D2E-9256-EDE9F59840D6}.Debug|x64.Build.0 = Debug|Any CPU
		{B32C2407-DF98-4D2E-9256-EDE9F59840D6}.Debug|x86.ActiveCfg = Debug|Any CPU
		{B32C2407-DF98-4D2E-9256-EDE9F59840D6}.Debug|x86.Build.0 = Debug|Any CPU
		{B32C2407-DF98-4D2E-9256-EDE9F59840D6}.Release|Any CPU.ActiveCfg = Release|Any CPU
		{B32C2407-DF98-4D2E-9256-EDE9F59840D6}.Release|Any CPU.Build.0 = Release|Any CPU
		{B32C2407-DF98-4D2E-9256-EDE9F59840D6}.Release|x64.ActiveCfg = Release|Any CPU
		{B32C2407-DF98-4D2E-9256-EDE9F59840D6}.Release|x64.Build.0 = Release|Any CPU
		{B32C2407-DF98-4D2E-9256-EDE9F59840D6}.Release|x86.ActiveCfg = Release|Any CPU
		{B32C2407-DF98-4D2E-9256-EDE9F59840D6}.Release|x86.Build.0 = Release|Any CPU
		{957667D8-6CCB-467D-93F2-81D27045B5DF}.Debug|Any CPU.ActiveCfg = Debug|Any CPU
		{957667D8-6CCB-467D-93F2-81D27045B5DF}.Debug|Any CPU.Build.0 = Debug|Any CPU
		{957667D8-6CCB-467D-93F2-81D27045B5DF}.Debug|x64.ActiveCfg = Debug|Any CPU
		{957667D8-6CCB-467D-93F2-81D27045B5DF}.Debug|x64.Build.0 = Debug|Any CPU
		{957667D8-6CCB-467D-93F2-81D27045B5DF}.Debug|x86.ActiveCfg = Debug|Any CPU
		{957667D8-6CCB-467D-93F2-81D27045B5DF}.Debug|x86.Build.0 = Debug|Any CPU
		{957667D8-6CCB-467D-93F2-81D27045B5DF}.Release|Any CPU.ActiveCfg = Release|Any CPU
		{957667D8-6CCB-467D-93F2-81D27045B5DF}.Release|Any CPU.Build.0 = Release|Any CPU
		{957667D8-6CCB-467D-93F2-81D27045B5DF}.Release|x64.ActiveCfg = Release|Any CPU
		{957667D8-6CCB-467D-93F2-81D27045B5DF}.Release|x64.Build.0 = Release|Any CPU
		{957667D8-6CCB-467D-93F2-81D27045B5DF}.Release|x86.ActiveCfg = Release|Any CPU
		{957667D8-6CCB-467D-93F2-81D27045B5DF}.Release|x86.Build.0 = Release|Any CPU
	EndGlobalSection
	GlobalSection(NestedProjects) = preSolution
		{F245EAE0-4862-4D95-B273-1EF0458C5689} = {C0DAE13C-E85C-4787-A684-B8880A8231C6}
		{7820C83C-B8CD-4320-BD79-0D7529B7DEF8} = {51FD4FBD-D1EC-40ED-816C-1BDE217B6CBF}
		{76479BB9-1E0D-4AA5-8BCE-A9E58B087313} = {C61A405A-5927-4F2E-BF7B-36A96D32B51F}
		{D8432275-C2D3-4F8F-B34A-D89AE09BDD06} = {C61A405A-5927-4F2E-BF7B-36A96D32B51F}
		{B32C2407-DF98-4D2E-9256-EDE9F59840D6} = {51FD4FBD-D1EC-40ED-816C-1BDE217B6CBF}
		{957667D8-6CCB-467D-93F2-81D27045B5DF} = {C61A405A-5927-4F2E-BF7B-36A96D32B51F}
	EndGlobalSection
EndGlobal
